// !$*UTF8*$!
{
	archiveVersion = 1;
	classes = {
	};
	objectVersion = 46;
	objects = {

/* Begin PBXBuildFile section */
		75C4A4401C5DE2E1002DA5EB /* AppDelegate.swift in Sources */ = {isa = PBXBuildFile; fileRef = 75C4A43F1C5DE2E1002DA5EB /* AppDelegate.swift */; };
		75C4A4421C5DE2E2002DA5EB /* GameScene.sks in Resources */ = {isa = PBXBuildFile; fileRef = 75C4A4411C5DE2E2002DA5EB /* GameScene.sks */; };
		75C4A4441C5DE2E2002DA5EB /* GameScene.swift in Sources */ = {isa = PBXBuildFile; fileRef = 75C4A4431C5DE2E2002DA5EB /* GameScene.swift */; };
		75C4A4461C5DE2E2002DA5EB /* GameViewController.swift in Sources */ = {isa = PBXBuildFile; fileRef = 75C4A4451C5DE2E2002DA5EB /* GameViewController.swift */; };
		75C4A4491C5DE2E2002DA5EB /* Main.storyboard in Resources */ = {isa = PBXBuildFile; fileRef = 75C4A4471C5DE2E2002DA5EB /* Main.storyboard */; };
		75C4A44E1C5DE2E2002DA5EB /* LaunchScreen.storyboard in Resources */ = {isa = PBXBuildFile; fileRef = 75C4A44C1C5DE2E2002DA5EB /* LaunchScreen.storyboard */; };
		75C4A45A1C5DE500002DA5EB /* bg.png in Resources */ = {isa = PBXBuildFile; fileRef = 75C4A4551C5DE500002DA5EB /* bg.png */; };
		75C4A45B1C5DE500002DA5EB /* flappy1.png in Resources */ = {isa = PBXBuildFile; fileRef = 75C4A4561C5DE500002DA5EB /* flappy1.png */; };
		75C4A45C1C5DE500002DA5EB /* flappy2.png in Resources */ = {isa = PBXBuildFile; fileRef = 75C4A4571C5DE500002DA5EB /* flappy2.png */; };
		75C4A45D1C5DE500002DA5EB /* pipe1.png in Resources */ = {isa = PBXBuildFile; fileRef = 75C4A4581C5DE500002DA5EB /* pipe1.png */; };
		75C4A45E1C5DE500002DA5EB /* pipe2.png in Resources */ = {isa = PBXBuildFile; fileRef = 75C4A4591C5DE500002DA5EB /* pipe2.png */; };
/* End PBXBuildFile section */

/* Begin PBXFileReference section */
		75C4A43C1C5DE2E1002DA5EB /* FlappyBird.app */ = {isa = PBXFileReference; explicitFileType = wrapper.application; includeInIndex = 0; path = FlappyBird.app; sourceTree = BUILT_PRODUCTS_DIR; };
		75C4A43F1C5DE2E1002DA5EB /* AppDelegate.swift */ = {isa = PBXFileReference; lastKnownFileType = sourcecode.swift; path = AppDelegate.swift; sourceTree = "<group>"; };
		75C4A4411C5DE2E2002DA5EB /* GameScene.sks */ = {isa = PBXFileReference; lastKnownFileType = file.sks; path = GameScene.sks; sourceTree = "<group>"; };
		75C4A4431C5DE2E2002DA5EB /* GameScene.swift */ = {isa = PBXFileReference; lastKnownFileType = sourcecode.swift; path = GameScene.swift; sourceTree = "<group>"; };
		75C4A4451C5DE2E2002DA5EB /* GameViewController.swift */ = {isa = PBXFileReference; lastKnownFileType = sourcecode.swift; path = GameViewController.swift; sourceTree = "<group>"; };
		75C4A4481C5DE2E2002DA5EB /* Base */ = {isa = PBXFileReference; lastKnownFileType = file.storyboard; name = Base; path = Base.lproj/Main.storyboard; sourceTree = "<group>"; };
		75C4A44D1C5DE2E2002DA5EB /* Base */ = {isa = PBXFileReference; lastKnownFileType = file.storyboard; name = Base; path = Base.lproj/LaunchScreen.storyboard; sourceTree = "<group>"; };
		75C4A44F1C5DE2E2002DA5EB /* Info.plist */ = {isa = PBXFileReference; lastKnownFileType = text.plist.xml; path = Info.plist; sourceTree = "<group>"; };
		75C4A4551C5DE500002DA5EB /* bg.png */ = {isa = PBXFileReference; lastKnownFileType = image.png; path = bg.png; sourceTree = "<group>"; };
		75C4A4561C5DE500002DA5EB /* flappy1.png */ = {isa = PBXFileReference; lastKnownFileType = image.png; path = flappy1.png; sourceTree = "<group>"; };
		75C4A4571C5DE500002DA5EB /* flappy2.png */ = {isa = PBXFileReference; lastKnownFileType = image.png; path = flappy2.png; sourceTree = "<group>"; };
		75C4A4581C5DE500002DA5EB /* pipe1.png */ = {isa = PBXFileReference; lastKnownFileType = image.png; path = pipe1.png; sourceTree = "<group>"; };
		75C4A4591C5DE500002DA5EB /* pipe2.png */ = {isa = PBXFileReference; lastKnownFileType = image.png; path = pipe2.png; sourceTree = "<group>"; };
/* End PBXFileReference section */

/* Begin PBXFrameworksBuildPhase section */
		75C4A4391C5DE2E1002DA5EB /* Frameworks */ = {
			isa = PBXFrameworksBuildPhase;
			buildActionMask = 2147483647;
			files = (
			);
			runOnlyForDeploymentPostprocessing = 0;
		};
/* End PBXFrameworksBuildPhase section */

/* Begin PBXGroup section */
		75C4A4331C5DE2E1002DA5EB = {
			isa = PBXGroup;
			children = (
				75C4A43E1C5DE2E1002DA5EB /* FlappyBird */,
				75C4A43D1C5DE2E1002DA5EB /* Products */,
			);
			sourceTree = "<group>";
		};
		75C4A43D1C5DE2E1002DA5EB /* Products */ = {
			isa = PBXGroup;
			children = (
				75C4A43C1C5DE2E1002DA5EB /* FlappyBird.app */,
			);
			name = Products;
			sourceTree = "<group>";
		};
		75C4A43E1C5DE2E1002DA5EB /* FlappyBird */ = {
			isa = PBXGroup;
			children = (
				75C4A43F1C5DE2E1002DA5EB /* AppDelegate.swift */,
				75C4A4411C5DE2E2002DA5EB /* GameScene.sks */,
				75C4A4431C5DE2E2002DA5EB /* GameScene.swift */,
				75C4A4451C5DE2E2002DA5EB /* GameViewController.swift */,
				75C4A4471C5DE2E2002DA5EB /* Main.storyboard */,
				75C4A44C1C5DE2E2002DA5EB /* LaunchScreen.storyboard */,
				75C4A44F1C5DE2E2002DA5EB /* Info.plist */,
				75C4A45F1C5DE504002DA5EB /* Images */,
			);
			path = FlappyBird;
			sourceTree = "<group>";
		};
		75C4A45F1C5DE504002DA5EB /* Images */ = {
			isa = PBXGroup;
			children = (
				75C4A4551C5DE500002DA5EB /* bg.png */,
				75C4A4561C5DE500002DA5EB /* flappy1.png */,
				75C4A4571C5DE500002DA5EB /* flappy2.png */,
				75C4A4581C5DE500002DA5EB /* pipe1.png */,
				75C4A4591C5DE500002DA5EB /* pipe2.png */,
			);
			name = Images;
			sourceTree = "<group>";
		};
/* End PBXGroup section */

/* Begin PBXNativeTarget section */
		75C4A43B1C5DE2E1002DA5EB /* FlappyBird */ = {
			isa = PBXNativeTarget;
			buildConfigurationList = 75C4A4521C5DE2E2002DA5EB /* Build configuration list for PBXNativeTarget "FlappyBird" */;
			buildPhases = (
				75C4A4381C5DE2E1002DA5EB /* Sources */,
				75C4A4391C5DE2E1002DA5EB /* Frameworks */,
				75C4A43A1C5DE2E1002DA5EB /* Resources */,
			);
			buildRules = (
			);
			dependencies = (
			);
			name = FlappyBird;
			productName = FlappyBird;
			productReference = 75C4A43C1C5DE2E1002DA5EB /* FlappyBird.app */;
			productType = "com.apple.product-type.application";
		};
/* End PBXNativeTarget section */

/* Begin PBXProject section */
		75C4A4341C5DE2E1002DA5EB /* Project object */ = {
			isa = PBXProject;
			attributes = {
				LastSwiftUpdateCheck = 0720;
				LastUpgradeCheck = 0720;
				ORGANIZATIONNAME = "Ivan Magda";
				TargetAttributes = {
					75C4A43B1C5DE2E1002DA5EB = {
						CreatedOnToolsVersion = 7.2;
					};
				};
			};
			buildConfigurationList = 75C4A4371C5DE2E1002DA5EB /* Build configuration list for PBXProject "FlappyBird" */;
			compatibilityVersion = "Xcode 3.2";
			developmentRegion = English;
			hasScannedForEncodings = 0;
			knownRegions = (
				en,
				Base,
			);
			mainGroup = 75C4A4331C5DE2E1002DA5EB;
			productRefGroup = 75C4A43D1C5DE2E1002DA5EB /* Products */;
			projectDirPath = "";
			projectRoot = "";
			targets = (
				75C4A43B1C5DE2E1002DA5EB /* FlappyBird */,
			);
		};
/* End PBXProject section */

/* Begin PBXResourcesBuildPhase section */
		75C4A43A1C5DE2E1002DA5EB /* Resources */ = {
			isa = PBXResourcesBuildPhase;
			buildActionMask = 2147483647;
			files = (
				75C4A45C1C5DE500002DA5EB /* flappy2.png in Resources */,
				75C4A45A1C5DE500002DA5EB /* bg.png in Resources */,
				75C4A4421C5DE2E2002DA5EB /* GameScene.sks in Resources */,
				75C4A45D1C5DE500002DA5EB /* pipe1.png in Resources */,
				75C4A44E1C5DE2E2002DA5EB /* LaunchScreen.storyboard in Resources */,
				75C4A45E1C5DE500002DA5EB /* pipe2.png in Resources */,
				75C4A4491C5DE2E2002DA5EB /* Main.storyboard in Resources */,
				75C4A45B1C5DE500002DA5EB /* flappy1.png in Resources */,
			);
			runOnlyForDeploymentPostprocessing = 0;
		};
/* End PBXResourcesBuildPhase section */

/* Begin PBXSourcesBuildPhase section */
		75C4A4381C5DE2E1002DA5EB /* Sources */ = {
			isa = PBXSourcesBuildPhase;
			buildActionMask = 2147483647;
			files = (
				75C4A4441C5DE2E2002DA5EB /* GameScene.swift in Sources */,
				75C4A4461C5DE2E2002DA5EB /* GameViewController.swift in Sources */,
				75C4A4401C5DE2E1002DA5EB /* AppDelegate.swift in Sources */,
			);
			runOnlyForDeploymentPostprocessing = 0;
		};
/* End PBXSourcesBuildPhase section */

/* Begin PBXVariantGroup section */
		75C4A4471C5DE2E2002DA5EB /* Main.storyboard */ = {
			isa = PBXVariantGroup;
			children = (
				75C4A4481C5DE2E2002DA5EB /* Base */,
			);
			name = Main.storyboard;
			sourceTree = "<group>";
		};
		75C4A44C1C5DE2E2002DA5EB /* LaunchScreen.storyboard */ = {
			isa = PBXVariantGroup;
			children = (
				75C4A44D1C5DE2E2002DA5EB /* Base */,
			);
			name = LaunchScreen.storyboard;
			sourceTree = "<group>";
		};
/* End PBXVariantGroup section */

/* Begin XCBuildConfiguration section */
		75C4A4501C5DE2E2002DA5EB /* Debug */ = {
			isa = XCBuildConfiguration;
			buildSettings = {
				ALWAYS_SEARCH_USER_PATHS = NO;
				CLANG_CXX_LANGUAGE_STANDARD = "gnu++0x";
				CLANG_CXX_LIBRARY = "libc++";
				CLANG_ENABLE_MODULES = YES;
				CLANG_ENABLE_OBJC_ARC = YES;
				CLANG_WARN_BOOL_CONVERSION = YES;
				CLANG_WARN_CONSTANT_CONVERSION = YES;
				CLANG_WARN_DIRECT_OBJC_ISA_USAGE = YES_ERROR;
				CLANG_WARN_EMPTY_BODY = YES;
				CLANG_WARN_ENUM_CONVERSION = YES;
				CLANG_WARN_INT_CONVERSION = YES;
				CLANG_WARN_OBJC_ROOT_CLASS = YES_ERROR;
				CLANG_WARN_UNREACHABLE_CODE = YES;
				CLANG_WARN__DUPLICATE_METHOD_MATCH = YES;
				"CODE_SIGN_IDENTITY[sdk=iphoneos*]" = "iPhone Developer";
				COPY_PHASE_STRIP = NO;
				DEBUG_INFORMATION_FORMAT = "dwarf-with-dsym";
				ENABLE_STRICT_OBJC_MSGSEND = YES;
				ENABLE_TESTABILITY = YES;
				GCC_C_LANGUAGE_STANDARD = gnu99;
				GCC_DYNAMIC_NO_PIC = NO;
				GCC_NO_COMMON_BLOCKS = YES;
				GCC_OPTIMIZATION_LEVEL = 0;
				GCC_PREPROCESSOR_DEFINITIONS = (
					"DEBUG=1",
					"$(inherited)",
				);
				GCC_WARN_64_TO_32_BIT_CONVERSION = YES;
				GCC_WARN_ABOUT_RETURN_TYPE = YES_ERROR;
				GCC_WARN_UNDECLARED_SELECTOR = YES;
				GCC_WARN_UNINITIALIZED_AUTOS = YES_AGGRESSIVE;
				GCC_WARN_UNUSED_FUNCTION = YES;
				GCC_WARN_UNUSED_VARIABLE = YES;
				IPHONEOS_DEPLOYMENT_TARGET = 9.2;
				MTL_ENABLE_DEBUG_INFO = YES;
				ONLY_ACTIVE_ARCH = YES;
				SDKROOT = iphoneos;
				SWIFT_OPTIMIZATION_LEVEL = "-Onone";
			};
			name = Debug;
		};
		75C4A4511C5DE2E2002DA5EB /* Release */ = {
			isa = XCBuildConfiguration;
			buildSettings = {
				ALWAYS_SEARCH_USER_PATHS = NO;
				CLANG_CXX_LANGUAGE_STANDARD = "gnu++0x";
				CLANG_CXX_LIBRARY = "libc++";
				CLANG_ENABLE_MODULES = YES;
				CLANG_ENABLE_OBJC_ARC = YES;
				CLANG_WARN_BOOL_CONVERSION = YES;
				CLANG_WARN_CONSTANT_CONVERSION = YES;
				CLANG_WARN_DIRECT_OBJC_ISA_USAGE = YES_ERROR;
				CLANG_WARN_EMPTY_BODY = YES;
				CLANG_WARN_ENUM_CONVERSION = YES;
				CLANG_WARN_INT_CONVERSION = YES;
				CLANG_WARN_OBJC_ROOT_CLASS = YES_ERROR;
				CLANG_WARN_UNREACHABLE_CODE = YES;
				CLANG_WARN__DUPLICATE_METHOD_MATCH = YES;
				"CODE_SIGN_IDENTITY[sdk=iphoneos*]" = "iPhone Developer";
				COPY_PHASE_STRIP = NO;
				DEBUG_INFORMATION_FORMAT = "dwarf-with-dsym";
				ENABLE_NS_ASSERTIONS = NO;
				ENABLE_STRICT_OBJC_MSGSEND = YES;
				GCC_C_LANGUAGE_STANDARD = gnu99;
				GCC_NO_COMMON_BLOCKS = YES;
				GCC_WARN_64_TO_32_BIT_CONVERSION = YES;
				GCC_WARN_ABOUT_RETURN_TYPE = YES_ERROR;
				GCC_WARN_UNDECLARED_SELECTOR = YES;
				GCC_WARN_UNINITIALIZED_AUTOS = YES_AGGRESSIVE;
				GCC_WARN_UNUSED_FUNCTION = YES;
				GCC_WARN_UNUSED_VARIABLE = YES;
				IPHONEOS_DEPLOYMENT_TARGET = 9.2;
				MTL_ENABLE_DEBUG_INFO = NO;
				SDKROOT = iphoneos;
				VALIDATE_PRODUCT = YES;
			};
			name = Release;
		};
		75C4A4531C5DE2E2002DA5EB /* Debug */ = {
			isa = XCBuildConfiguration;
			buildSettings = {
				ASSETCATALOG_COMPILER_APPICON_NAME = AppIcon;
				INFOPLIST_FILE = FlappyBird/Info.plist;
				LD_RUNPATH_SEARCH_PATHS = "$(inherited) @executable_path/Frameworks";
				PRODUCT_BUNDLE_IDENTIFIER = com.ivanMagda.FlappyBird;
				PRODUCT_NAME = "$(TARGET_NAME)";
			};
			name = Debug;
		};
		75C4A4541C5DE2E2002DA5EB /* Release */ = {
			isa = XCBuildConfiguration;
			buildSettings = {
				ASSETCATALOG_COMPILER_APPICON_NAME = AppIcon;
				INFOPLIST_FILE = FlappyBird/Info.plist;
				LD_RUNPATH_SEARCH_PATHS = "$(inherited) @executable_path/Frameworks";
				PRODUCT_BUNDLE_IDENTIFIER = com.ivanMagda.FlappyBird;
				PRODUCT_NAME = "$(TARGET_NAME)";
			};
			name = Release;
		};
/* End XCBuildConfiguration section */

/* Begin XCConfigurationList section */
		75C4A4371C5DE2E1002DA5EB /* Build configuration list for PBXProject "FlappyBird" */ = {
			isa = XCConfigurationList;
			buildConfigurations = (
				75C4A4501C5DE2E2002DA5EB /* Debug */,
				75C4A4511C5DE2E2002DA5EB /* Release */,
			);
			defaultConfigurationIsVisible = 0;
			defaultConfigurationName = Release;
		};
		75C4A4521C5DE2E2002DA5EB /* Build configuration list for PBXNativeTarget "FlappyBird" */ = {
			isa = XCConfigurationList;
			buildConfigurations = (
				75C4A4531C5DE2E2002DA5EB /* Debug */,
				75C4A4541C5DE2E2002DA5EB /* Release */,
			);
			defaultConfigurationIsVisible = 0;
		};
/* End XCConfigurationList section */
	};
	rootObject = 75C4A4341C5DE2E1002DA5EB /* Project object */;
}
